
Microsoft Visual Studio Solution File, Format Version 12.00
# Visual Studio 15
VisualStudioVersion = 15.0.28307.271
MinimumVisualStudioVersion = 10.0.40219.1
Project("{9A19103F-16F7-4668-BE54-9A1E7A4F7556}") = "RHSoft.Study.SampleProject", "RHSoft.Study.SampleProject\RHSoft.Study.SampleProject.csproj", "{94A0E199-8241-4C50-89F2-B6FC4CF80C83}"
EndProject
Project("{9A19103F-16F7-4668-BE54-9A1E7A4F7556}") = "RHSoft.Study.SampleProject.Tests", "RHSoft.Study.SampleProject.Tests\RHSoft.Study.SampleProject.Tests.csproj", "{CFFBF75A-82CF-4A98-A08E-7540974471E8}"
EndProject
Project("{9A19103F-16F7-4668-BE54-9A1E7A4F7556}") = "RHSoft.Study.Monitoring", "RHSoft.Study.Monitoring\RHSoft.Study.Monitoring.csproj", "{73D5DE15-9B50-4A89-BF55-697ED050DFC5}"
	ProjectSection(ProjectDependencies) = postProject
		{BFCCBBD7-86EB-4F5E-A038-583D007FFE30} = {BFCCBBD7-86EB-4F5E-A038-583D007FFE30}
	EndProjectSection
EndProject
Project("{9A19103F-16F7-4668-BE54-9A1E7A4F7556}") = "RHSoft.Study.DbUpdater", "RHSoft.Study.DbUpdater\RHSoft.Study.DbUpdater.csproj", "{BFCCBBD7-86EB-4F5E-A038-583D007FFE30}"
EndProject
Global
	GlobalSection(SolutionConfigurationPlatforms) = preSolution
		Debug|Any CPU = Debug|Any CPU
		Release|Any CPU = Release|Any CPU
	EndGlobalSection
	GlobalSection(ProjectConfigurationPlatforms) = postSolution
		{94A0E199-8241-4C50-89F2-B6FC4CF80C83}.Debug|Any CPU.ActiveCfg = Debug|Any CPU
		{94A0E199-8241-4C50-89F2-B6FC4CF80C83}.Debug|Any CPU.Build.0 = Debug|Any CPU
		{94A0E199-8241-4C50-89F2-B6FC4CF80C83}.Release|Any CPU.ActiveCfg = Release|Any CPU
		{94A0E199-8241-4C50-89F2-B6FC4CF80C83}.Release|Any CPU.Build.0 = Release|Any CPU
		{CFFBF75A-82CF-4A98-A08E-7540974471E8}.Debug|Any CPU.ActiveCfg = Debug|Any CPU
		{CFFBF75A-82CF-4A98-A08E-7540974471E8}.Debug|Any CPU.Build.0 = Debug|Any CPU
		{CFFBF75A-82CF-4A98-A08E-7540974471E8}.Release|Any CPU.ActiveCfg = Release|Any CPU
		{CFFBF75A-82CF-4A98-A08E-7540974471E8}.Release|Any CPU.Build.0 = Release|Any CPU
		{73D5DE15-9B50-4A89-BF55-697ED050DFC5}.Debug|Any CPU.ActiveCfg = Debug|Any CPU
		{73D5DE15-9B50-4A89-BF55-697ED050DFC5}.Debug|Any CPU.Build.0 = Debug|Any CPU
		{73D5DE15-9B50-4A89-BF55-697ED050DFC5}.Release|Any CPU.ActiveCfg = Release|Any CPU
		{73D5DE15-9B50-4A89-BF55-697ED050DFC5}.Release|Any CPU.Build.0 = Release|Any CPU
		{BFCCBBD7-86EB-4F5E-A038-583D007FFE30}.Debug|Any CPU.ActiveCfg = Debug|Any CPU
		{BFCCBBD7-86EB-4F5E-A038-583D007FFE30}.Debug|Any CPU.Build.0 = Debug|Any CPU
		{BFCCBBD7-86EB-4F5E-A038-583D007FFE30}.Release|Any CPU.ActiveCfg = Release|Any CPU
		{BFCCBBD7-86EB-4F5E-A038-583D007FFE30}.Release|Any CPU.Build.0 = Release|Any CPU
	EndGlobalSection
	GlobalSection(SolutionProperties) = preSolution
		HideSolutionNode = FALSE
	EndGlobalSection
	GlobalSection(ExtensibilityGlobals) = postSolution
		SolutionGuid = {6E5E0DEA-E1B1-4BD7-884C-8D815438CC61}
	EndGlobalSection
EndGlobal
